// !$*UTF8*$!
{
	archiveVersion = 1;
	classes = {
	};
	objectVersion = 46;
	objects = {

/* Begin PBXBuildFile section */
		EA9449631512CF1E00C38C36 /* UIKit.framework in Frameworks */ = {isa = PBXBuildFile; fileRef = EA9449621512CF1E00C38C36 /* UIKit.framework */; };
		EA9449651512CF1E00C38C36 /* Foundation.framework in Frameworks */ = {isa = PBXBuildFile; fileRef = EA9449641512CF1E00C38C36 /* Foundation.framework */; };
		EA9449671512CF1E00C38C36 /* CoreGraphics.framework in Frameworks */ = {isa = PBXBuildFile; fileRef = EA9449661512CF1E00C38C36 /* CoreGraphics.framework */; };
		EA94496D1512CF1E00C38C36 /* InfoPlist.strings in Resources */ = {isa = PBXBuildFile; fileRef = EA94496B1512CF1E00C38C36 /* InfoPlist.strings */; };
		EA94496F1512CF1E00C38C36 /* main.m in Sources */ = {isa = PBXBuildFile; fileRef = EA94496E1512CF1E00C38C36 /* main.m */; };
		EA9449731512CF1E00C38C36 /* AppDelegate.m in Sources */ = {isa = PBXBuildFile; fileRef = EA9449721512CF1E00C38C36 /* AppDelegate.m */; };
		EA94497B1512CF1E00C38C36 /* SenTestingKit.framework in Frameworks */ = {isa = PBXBuildFile; fileRef = EA94497A1512CF1E00C38C36 /* SenTestingKit.framework */; };
		EA94497C1512CF1E00C38C36 /* UIKit.framework in Frameworks */ = {isa = PBXBuildFile; fileRef = EA9449621512CF1E00C38C36 /* UIKit.framework */; };
		EA94497D1512CF1E00C38C36 /* Foundation.framework in Frameworks */ = {isa = PBXBuildFile; fileRef = EA9449641512CF1E00C38C36 /* Foundation.framework */; };
		EA9449851512CF1E00C38C36 /* InfoPlist.strings in Resources */ = {isa = PBXBuildFile; fileRef = EA9449831512CF1E00C38C36 /* InfoPlist.strings */; };
		EA9449881512CF1E00C38C36 /* testTests.m in Sources */ = {isa = PBXBuildFile; fileRef = EA9449871512CF1E00C38C36 /* testTests.m */; };
/* End PBXBuildFile section */

/* Begin PBXContainerItemProxy section */
		EA94497E1512CF1E00C38C36 /* PBXContainerItemProxy */ = {
			isa = PBXContainerItemProxy;
			containerPortal = EA9449551512CF1D00C38C36 /* Project object */;
			proxyType = 1;
			remoteGlobalIDString = EA94495D1512CF1D00C38C36;
			remoteInfo = test;
		};
/* End PBXContainerItemProxy section */

/* Begin PBXFileReference section */
		EA94495E1512CF1E00C38C36 /* test.app */ = {isa = PBXFileReference; explicitFileType = wrapper.application; includeInIndex = 0; path = test.app; sourceTree = BUILT_PRODUCTS_DIR; };
		EA9449621512CF1E00C38C36 /* UIKit.framework */ = {isa = PBXFileReference; lastKnownFileType = wrapper.framework; name = UIKit.framework; path = System/Library/Frameworks/UIKit.framework; sourceTree = SDKROOT; };
		EA9449641512CF1E00C38C36 /* Foundation.framework */ = {isa = PBXFileReference; lastKnownFileType = wrapper.framework; name = Foundation.framework; path = System/Library/Frameworks/Foundation.framework; sourceTree = SDKROOT; };
		EA9449661512CF1E00C38C36 /* CoreGraphics.framework */ = {isa = PBXFileReference; lastKnownFileType = wrapper.framework; name = CoreGraphics.framework; path = System/Library/Frameworks/CoreGraphics.framework; sourceTree = SDKROOT; };
		EA94496A1512CF1E00C38C36 /* test-Info.plist */ = {isa = PBXFileReference; lastKnownFileType = text.plist.xml; path = "test-Info.plist"; sourceTree = "<group>"; };
		EA94496C1512CF1E00C38C36 /* en */ = {isa = PBXFileReference; lastKnownFileType = text.plist.strings; name = en; path = en.lproj/InfoPlist.strings; sourceTree = "<group>"; };
		EA94496E1512CF1E00C38C36 /* main.m */ = {isa = PBXFileReference; lastKnownFileType = sourcecode.c.objc; path = main.m; sourceTree = "<group>"; };
		EA9449701512CF1E00C38C36 /* test-Prefix.pch */ = {isa = PBXFileReference; lastKnownFileType = sourcecode.c.h; path = "test-Prefix.pch"; sourceTree = "<group>"; };
		EA9449711512CF1E00C38C36 /* AppDelegate.h */ = {isa = PBXFileReference; lastKnownFileType = sourcecode.c.h; path = AppDelegate.h; sourceTree = "<group>"; };
		EA9449721512CF1E00C38C36 /* AppDelegate.m */ = {isa = PBXFileReference; lastKnownFileType = sourcecode.c.objc; path = AppDelegate.m; sourceTree = "<group>"; };
		EA9449791512CF1E00C38C36 /* testTests.octest */ = {isa = PBXFileReference; explicitFileType = wrapper.cfbundle; includeInIndex = 0; path = testTests.octest; sourceTree = BUILT_PRODUCTS_DIR; };
		EA94497A1512CF1E00C38C36 /* SenTestingKit.framework */ = {isa = PBXFileReference; lastKnownFileType = wrapper.framework; name = SenTestingKit.framework; path = Library/Frameworks/SenTestingKit.framework; sourceTree = DEVELOPER_DIR; };
		EA9449821512CF1E00C38C36 /* testTests-Info.plist */ = {isa = PBXFileReference; lastKnownFileType = text.plist.xml; path = "testTests-Info.plist"; sourceTree = "<group>"; };
		EA9449841512CF1E00C38C36 /* en */ = {isa = PBXFileReference; lastKnownFileType = text.plist.strings; name = en; path = en.lproj/InfoPlist.strings; sourceTree = "<group>"; };
		EA9449861512CF1E00C38C36 /* testTests.h */ = {isa = PBXFileReference; lastKnownFileType = sourcecode.c.h; path = testTests.h; sourceTree = "<group>"; };
		EA9449871512CF1E00C38C36 /* testTests.m */ = {isa = PBXFileReference; lastKnownFileType = sourcecode.c.objc; path = testTests.m; sourceTree = "<group>"; };
/* End PBXFileReference section */

/* Begin PBXFrameworksBuildPhase section */
		EA94495B1512CF1D00C38C36 /* Frameworks */ = {
			isa = PBXFrameworksBuildPhase;
			buildActionMask = 2147483647;
			files = (
				EA9449631512CF1E00C38C36 /* UIKit.framework in Frameworks */,
				EA9449651512CF1E00C38C36 /* Foundation.framework in Frameworks */,
				EA9449671512CF1E00C38C36 /* CoreGraphics.framework in Frameworks */,
			);
			runOnlyForDeploymentPostprocessing = 0;
		};
		EA9449751512CF1E00C38C36 /* Frameworks */ = {
			isa = PBXFrameworksBuildPhase;
			buildActionMask = 2147483647;
			files = (
				EA94497B1512CF1E00C38C36 /* SenTestingKit.framework in Frameworks */,
				EA94497C1512CF1E00C38C36 /* UIKit.framework in Frameworks */,
				EA94497D1512CF1E00C38C36 /* Foundation.framework in Frameworks */,
			);
			runOnlyForDeploymentPostprocessing = 0;
		};
/* End PBXFrameworksBuildPhase section */

/* Begin PBXGroup section */
		EA9449531512CF1D00C38C36 = {
			isa = PBXGroup;
			children = (
				EA9449681512CF1E00C38C36 /* test */,
				EA9449801512CF1E00C38C36 /* testTests */,
				EA9449611512CF1E00C38C36 /* Frameworks */,
				EA94495F1512CF1E00C38C36 /* Products */,
			);
			sourceTree = "<group>";
		};
		EA94495F1512CF1E00C38C36 /* Products */ = {
			isa = PBXGroup;
			children = (
				EA94495E1512CF1E00C38C36 /* test.app */,
				EA9449791512CF1E00C38C36 /* testTests.octest */,
			);
			name = Products;
			sourceTree = "<group>";
		};
		EA9449611512CF1E00C38C36 /* Frameworks */ = {
			isa = PBXGroup;
			children = (
				EA9449621512CF1E00C38C36 /* UIKit.framework */,
				EA9449641512CF1E00C38C36 /* Foundation.framework */,
				EA9449661512CF1E00C38C36 /* CoreGraphics.framework */,
				EA94497A1512CF1E00C38C36 /* SenTestingKit.framework */,
			);
			name = Frameworks;
			sourceTree = "<group>";
		};
		EA9449681512CF1E00C38C36 /* test */ = {
			isa = PBXGroup;
			children = (
				EA9449711512CF1E00C38C36 /* AppDelegate.h */,
				EA9449721512CF1E00C38C36 /* AppDelegate.m */,
				EA9449691512CF1E00C38C36 /* Supporting Files */,
			);
			path = test;
			sourceTree = "<group>";
		};
		EA9449691512CF1E00C38C36 /* Supporting Files */ = {
			isa = PBXGroup;
			children = (
				EA94496A1512CF1E00C38C36 /* test-Info.plist */,
				EA94496B1512CF1E00C38C36 /* InfoPlist.strings */,
				EA94496E1512CF1E00C38C36 /* main.m */,
				EA9449701512CF1E00C38C36 /* test-Prefix.pch */,
			);
			name = "Supporting Files";
			sourceTree = "<group>";
		};
		EA9449801512CF1E00C38C36 /* testTests */ = {
			isa = PBXGroup;
			children = (
				EA9449861512CF1E00C38C36 /* testTests.h */,
				EA9449871512CF1E00C38C36 /* testTests.m */,
				EA9449811512CF1E00C38C36 /* Supporting Files */,
			);
			path = testTests;
			sourceTree = "<group>";
		};
		EA9449811512CF1E00C38C36 /* Supporting Files */ = {
			isa = PBXGroup;
			children = (
				EA9449821512CF1E00C38C36 /* testTests-Info.plist */,
				EA9449831512CF1E00C38C36 /* InfoPlist.strings */,
			);
			name = "Supporting Files";
			sourceTree = "<group>";
		};
/* End PBXGroup section */

/* Begin PBXNativeTarget section */
		EA94495D1512CF1D00C38C36 /* test */ = {
			isa = PBXNativeTarget;
			buildConfigurationList = EA94498B1512CF1E00C38C36 /* Build configuration list for PBXNativeTarget "test" */;
			buildPhases = (
				EA94495A1512CF1D00C38C36 /* Sources */,
				EA94495B1512CF1D00C38C36 /* Frameworks */,
				EA94495C1512CF1D00C38C36 /* Resources */,
			);
			buildRules = (
			);
			dependencies = (
			);
			name = test;
			productName = test;
			productReference = EA94495E1512CF1E00C38C36 /* test.app */;
			productType = "com.apple.product-type.application";
		};
		EA9449781512CF1E00C38C36 /* testTests */ = {
			isa = PBXNativeTarget;
			buildConfigurationList = EA94498E1512CF1E00C38C36 /* Build configuration list for PBXNativeTarget "testTests" */;
			buildPhases = (
				EA9449741512CF1E00C38C36 /* Sources */,
				EA9449751512CF1E00C38C36 /* Frameworks */,
				EA9449761512CF1E00C38C36 /* Resources */,
				EA9449771512CF1E00C38C36 /* ShellScript */,
			);
			buildRules = (
			);
			dependencies = (
				EA94497F1512CF1E00C38C36 /* PBXTargetDependency */,
			);
			name = testTests;
			productName = testTests;
			productReference = EA9449791512CF1E00C38C36 /* testTests.octest */;
			productType = "com.apple.product-type.bundle";
		};
/* End PBXNativeTarget section */

/* Begin PBXProject section */
		EA9449551512CF1D00C38C36 /* Project object */ = {
			isa = PBXProject;
			attributes = {
				LastUpgradeCheck = 0420;
				ORGANIZATIONNAME = "Apple Inc.";
			};
			buildConfigurationList = EA9449581512CF1D00C38C36 /* Build configuration list for PBXProject "test" */;
			compatibilityVersion = "Xcode 3.2";
			developmentRegion = English;
			hasScannedForEncodings = 0;
			knownRegions = (
				en,
			);
			mainGroup = EA9449531512CF1D00C38C36;
			productRefGroup = EA94495F1512CF1E00C38C36 /* Products */;
			projectDirPath = "";
			projectRoot = "";
			targets = (
				EA94495D1512CF1D00C38C36 /* test */,
				EA9449781512CF1E00C38C36 /* testTests */,
			);
		};
/* End PBXProject section */

/* Begin PBXResourcesBuildPhase section */
		EA94495C1512CF1D00C38C36 /* Resources */ = {
			isa = PBXResourcesBuildPhase;
			buildActionMask = 2147483647;
			files = (
				EA94496D1512CF1E00C38C36 /* InfoPlist.strings in Resources */,
			);
			runOnlyForDeploymentPostprocessing = 0;
		};
		EA9449761512CF1E00C38C36 /* Resources */ = {
			isa = PBXResourcesBuildPhase;
			buildActionMask = 2147483647;
			files = (
				EA9449851512CF1E00C38C36 /* InfoPlist.strings in Resources */,
			);
			runOnlyForDeploymentPostprocessing = 0;
		};
/* End PBXResourcesBuildPhase section */

/* Begin PBXShellScriptBuildPhase section */
		EA9449771512CF1E00C38C36 /* ShellScript */ = {
			isa = PBXShellScriptBuildPhase;
			buildActionMask = 2147483647;
			files = (
			);
			inputPaths = (
			);
			outputPaths = (
			);
			runOnlyForDeploymentPostprocessing = 0;
			shellPath = /bin/sh;
			shellScript = "# Run the unit tests in this test bundle.\n\"${SYSTEM_DEVELOPER_DIR}/Tools/RunUnitTests\"\n";
		};
/* End PBXShellScriptBuildPhase section */

/* Begin PBXSourcesBuildPhase section */
		EA94495A1512CF1D00C38C36 /* Sources */ = {
			isa = PBXSourcesBuildPhase;
			buildActionMask = 2147483647;
			files = (
				EA94496F1512CF1E00C38C36 /* main.m in Sources */,
				EA9449731512CF1E00C38C36 /* AppDelegate.m in Sources */,
			);
			runOnlyForDeploymentPostprocessing = 0;
		};
		EA9449741512CF1E00C38C36 /* Sources */ = {
			isa = PBXSourcesBuildPhase;
			buildActionMask = 2147483647;
			files = (
				EA9449881512CF1E00C38C36 /* testTests.m in Sources */,
			);
			runOnlyForDeploymentPostprocessing = 0;
		};
/* End PBXSourcesBuildPhase section */

/* Begin PBXTargetDependency section */
		EA94497F1512CF1E00C38C36 /* PBXTargetDependency */ = {
			isa = PBXTargetDependency;
			target = EA94495D1512CF1D00C38C36 /* test */;
			targetProxy = EA94497E1512CF1E00C38C36 /* PBXContainerItemProxy */;
		};
/* End PBXTargetDependency section */

/* Begin PBXVariantGroup section */
		EA94496B1512CF1E00C38C36 /* InfoPlist.strings */ = {
			isa = PBXVariantGroup;
			children = (
				EA94496C1512CF1E00C38C36 /* en */,
			);
			name = InfoPlist.strings;
			sourceTree = "<group>";
		};
		EA9449831512CF1E00C38C36 /* InfoPlist.strings */ = {
			isa = PBXVariantGroup;
			children = (
				EA9449841512CF1E00C38C36 /* en */,
			);
			name = InfoPlist.strings;
			sourceTree = "<group>";
		};
/* End PBXVariantGroup section */

/* Begin XCBuildConfiguration section */
		EA9449891512CF1E00C38C36 /* Debug */ = {
			isa = XCBuildConfiguration;
			buildSettings = {
				ALWAYS_SEARCH_USER_PATHS = NO;
				ARCHS = "$(ARCHS_STANDARD_32_BIT)";
				CLANG_ENABLE_OBJC_ARC = YES;
				"CODE_SIGN_IDENTITY[sdk=iphoneos*]" = "iPhone Developer";
				COPY_PHASE_STRIP = NO;
				GCC_C_LANGUAGE_STANDARD = gnu99;
				GCC_DYNAMIC_NO_PIC = NO;
				GCC_OPTIMIZATION_LEVEL = 0;
				GCC_PREPROCESSOR_DEFINITIONS = (
					"DEBUG=1",
					"$(inherited)",
				);
				GCC_SYMBOLS_PRIVATE_EXTERN = NO;
				GCC_VERSION = com.apple.compilers.llvm.clang.1_0;
				GCC_WARN_ABOUT_MISSING_PROTOTYPES = YES;
				GCC_WARN_ABOUT_RETURN_TYPE = YES;
				GCC_WARN_UNUSED_VARIABLE = YES;
				IPHONEOS_DEPLOYMENT_TARGET = 5.0;
				SDKROOT = iphoneos;
			};
			name = Debug;
		};
		EA94498A1512CF1E00C38C36 /* Release */ = {
			isa = XCBuildConfiguration;
			buildSettings = {
				ALWAYS_SEARCH_USER_PATHS = NO;
				ARCHS = "$(ARCHS_STANDARD_32_BIT)";
				CLANG_ENABLE_OBJC_ARC = YES;
				"CODE_SIGN_IDENTITY[sdk=iphoneos*]" = "iPhone Developer";
				COPY_PHASE_STRIP = YES;
				GCC_C_LANGUAGE_STANDARD = gnu99;
				GCC_VERSION = com.apple.compilers.llvm.clang.1_0;
				GCC_WARN_ABOUT_MISSING_PROTOTYPES = YES;
				GCC_WARN_ABOUT_RETURN_TYPE = YES;
				GCC_WARN_UNUSED_VARIABLE = YES;
				IPHONEOS_DEPLOYMENT_TARGET = 5.0;
				OTHER_CFLAGS = "-DNS_BLOCK_ASSERTIONS=1";
				SDKROOT = iphoneos;
				VALIDATE_PRODUCT = YES;
			};
			name = Release;
		};
		EA94498C1512CF1E00C38C36 /* Debug */ = {
			isa = XCBuildConfiguration;
			buildSettings = {
				GCC_PRECOMPILE_PREFIX_HEADER = YES;
				GCC_PREFIX_HEADER = "test/test-Prefix.pch";
				INFOPLIST_FILE = "test/test-Info.plist";
				PRODUCT_NAME = "$(TARGET_NAME)";
				WRAPPER_EXTENSION = app;
			};
			name = Debug;
		};
		EA94498D1512CF1E00C38C36 /* Release */ = {
			isa = XCBuildConfiguration;
			buildSettings = {
				GCC_PRECOMPILE_PREFIX_HEADER = YES;
				GCC_PREFIX_HEADER = "test/test-Prefix.pch";
				INFOPLIST_FILE = "test/test-Info.plist";
				PRODUCT_NAME = "$(TARGET_NAME)";
				WRAPPER_EXTENSION = app;
			};
			name = Release;
		};
		EA94498F1512CF1E00C38C36 /* Debug */ = {
			isa = XCBuildConfiguration;
			buildSettings = {
				BUNDLE_LOADER = "$(BUILT_PRODUCTS_DIR)/test.app/test";
				FRAMEWORK_SEARCH_PATHS = (
					"$(SDKROOT)/Developer/Library/Frameworks",
					"$(DEVELOPER_LIBRARY_DIR)/Frameworks",
				);
				GCC_PRECOMPILE_PREFIX_HEADER = YES;
				GCC_PREFIX_HEADER = "test/test-Prefix.pch";
				INFOPLIST_FILE = "testTests/testTests-Info.plist";
				PRODUCT_NAME = "$(TARGET_NAME)";
				TEST_HOST = "$(BUNDLE_LOADER)";
				WRAPPER_EXTENSION = octest;
			};
			name = Debug;
		};
		EA9449901512CF1E00C38C36 /* Release */ = {
			isa = XCBuildConfiguration;
			buildSettings = {
				BUNDLE_LOADER = "$(BUILT_PRODUCTS_DIR)/test.app/test";
				FRAMEWORK_SEARCH_PATHS = (
					"$(SDKROOT)/Developer/Library/Frameworks",
					"$(DEVELOPER_LIBRARY_DIR)/Frameworks",
				);
				GCC_PRECOMPILE_PREFIX_HEADER = YES;
				GCC_PREFIX_HEADER = "test/test-Prefix.pch";
				INFOPLIST_FILE = "testTests/testTests-Info.plist";
				PRODUCT_NAME = "$(TARGET_NAME)";
				TEST_HOST = "$(BUNDLE_LOADER)";
				WRAPPER_EXTENSION = octest;
			};
			name = Release;
		};
/* End XCBuildConfiguration section */

/* Begin XCConfigurationList section */
		EA9449581512CF1D00C38C36 /* Build configuration list for PBXProject "test" */ = {
			isa = XCConfigurationList;
			buildConfigurations = (
				EA9449891512CF1E00C38C36 /* Debug */,
				EA94498A1512CF1E00C38C36 /* Release */,
			);
			defaultConfigurationIsVisible = 0;
			defaultConfigurationName = Release;
		};
		EA94498B1512CF1E00C38C36 /* Build configuration list for PBXNativeTarget "test" */ = {
			isa = XCConfigurationList;
			buildConfigurations = (
				EA94498C1512CF1E00C38C36 /* Debug */,
				EA94498D1512CF1E00C38C36 /* Release */,
			);
			defaultConfigurationIsVisible = 0;
		};
		EA94498E1512CF1E00C38C36 /* Build configuration list for PBXNativeTarget "testTests" */ = {
			isa = XCConfigurationList;
			buildConfigurations = (
				EA94498F1512CF1E00C38C36 /* Debug */,
				EA9449901512CF1E00C38C36 /* Release */,
			);
			defaultConfigurationIsVisible = 0;
		};
/* End XCConfigurationList section */
	};
	rootObject = EA9449551512CF1D00C38C36 /* Project object */;
}
